
Microsoft Visual Studio Solution File, Format Version 12.00
# Visual Studio Version 17
VisualStudioVersion = 17.0.31903.59
MinimumVisualStudioVersion = 10.0.40219.1
Project("{2150E333-8FDC-42A3-9474-1A3956D46DE8}") = "src", "src", "{827E0CD3-B72D-47B6-A68D-7590B98EB39B}"
EndProject
Project("{FAE04EC0-301F-11D3-BF4B-00C04F79EFBC}") = "Consensus.Web", "src\Consensus.Web\Consensus.Web.csproj", "{77ED881B-4D61-47B0-8FFA-B9C093977758}"
EndProject
Project("{FAE04EC0-301F-11D3-BF4B-00C04F79EFBC}") = "Consensus.Core", "src\Consensus.Core\Consensus.Core.csproj", "{8C7AF0CC-F807-412B-A6E6-7507EC09A878}"
EndProject
Project("{FAE04EC0-301F-11D3-BF4B-00C04F79EFBC}") = "Consensus.Api", "src\Consensus.Api\Consensus.Api.csproj", "{21C07085-92E7-4753-9F7D-9BC3450D8665}"
EndProject
Project("{FAE04EC0-301F-11D3-BF4B-00C04F79EFBC}") = "Consensus.Data", "src\Consensus.Data\Consensus.Data.csproj", "{B6BFD931-F551-4A4E-B0C6-A56E58764ADB}"
EndProject
Global
	GlobalSection(SolutionConfigurationPlatforms) = preSolution
		Debug|Any CPU = Debug|Any CPU
		Debug|x64 = Debug|x64
		Debug|x86 = Debug|x86
		Release|Any CPU = Release|Any CPU
		Release|x64 = Release|x64
		Release|x86 = Release|x86
	EndGlobalSection
	GlobalSection(ProjectConfigurationPlatforms) = postSolution
		{77ED881B-4D61-47B0-8FFA-B9C093977758}.Debug|Any CPU.ActiveCfg = Debug|Any CPU
		{77ED881B-4D61-47B0-8FFA-B9C093977758}.Debug|Any CPU.Build.0 = Debug|Any CPU
		{77ED881B-4D61-47B0-8FFA-B9C093977758}.Debug|x64.ActiveCfg = Debug|Any CPU
		{77ED881B-4D61-47B0-8FFA-B9C093977758}.Debug|x64.Build.0 = Debug|Any CPU
		{77ED881B-4D61-47B0-8FFA-B9C093977758}.Debug|x86.ActiveCfg = Debug|Any CPU
		{77ED881B-4D61-47B0-8FFA-B9C093977758}.Debug|x86.Build.0 = Debug|Any CPU
		{77ED881B-4D61-47B0-8FFA-B9C093977758}.Release|Any CPU.ActiveCfg = Release|Any CPU
		{77ED881B-4D61-47B0-8FFA-B9C093977758}.Release|Any CPU.Build.0 = Release|Any CPU
		{77ED881B-4D61-47B0-8FFA-B9C093977758}.Release|x64.ActiveCfg = Release|Any CPU
		{77ED881B-4D61-47B0-8FFA-B9C093977758}.Release|x64.Build.0 = Release|Any CPU
		{77ED881B-4D61-47B0-8FFA-B9C093977758}.Release|x86.ActiveCfg = Release|Any CPU
		{77ED881B-4D61-47B0-8FFA-B9C093977758}.Release|x86.Build.0 = Release|Any CPU
		{8C7AF0CC-F807-412B-A6E6-7507EC09A878}.Debug|Any CPU.ActiveCfg = Debug|Any CPU
		{8C7AF0CC-F807-412B-A6E6-7507EC09A878}.Debug|Any CPU.Build.0 = Debug|Any CPU
		{8C7AF0CC-F807-412B-A6E6-7507EC09A878}.Debug|x64.ActiveCfg = Debug|Any CPU
		{8C7AF0CC-F807-412B-A6E6-7507EC09A878}.Debug|x64.Build.0 = Debug|Any CPU
		{8C7AF0CC-F807-412B-A6E6-7507EC09A878}.Debug|x86.ActiveCfg = Debug|Any CPU
		{8C7AF0CC-F807-412B-A6E6-7507EC09A878}.Debug|x86.Build.0 = Debug|Any CPU
		{8C7AF0CC-F807-412B-A6E6-7507EC09A878}.Release|Any CPU.ActiveCfg = Release|Any CPU
		{8C7AF0CC-F807-412B-A6E6-7507EC09A878}.Release|Any CPU.Build.0 = Release|Any CPU
		{8C7AF0CC-F807-412B-A6E6-7507EC09A878}.Release|x64.ActiveCfg = Release|Any CPU
		{8C7AF0CC-F807-412B-A6E6-7507EC09A878}.Release|x64.Build.0 = Release|Any CPU
		{8C7AF0CC-F807-412B-A6E6-7507EC09A878}.Release|x86.ActiveCfg = Release|Any CPU
		{8C7AF0CC-F807-412B-A6E6-7507EC09A878}.Release|x86.Build.0 = Release|Any CPU
		{21C07085-92E7-4753-9F7D-9BC3450D8665}.Debug|Any CPU.ActiveCfg = Debug|Any CPU
		{21C07085-92E7-4753-9F7D-9BC3450D8665}.Debug|Any CPU.Build.0 = Debug|Any CPU
		{21C07085-92E7-4753-9F7D-9BC3450D8665}.Debug|x64.ActiveCfg = Debug|Any CPU
		{21C07085-92E7-4753-9F7D-9BC3450D8665}.Debug|x64.Build.0 = Debug|Any CPU
		{21C07085-92E7-4753-9F7D-9BC3450D8665}.Debug|x86.ActiveCfg = Debug|Any CPU
		{21C07085-92E7-4753-9F7D-9BC3450D8665}.Debug|x86.Build.0 = Debug|Any CPU
		{21C07085-92E7-4753-9F7D-9BC3450D8665}.Release|Any CPU.ActiveCfg = Release|Any CPU
		{21C07085-92E7-4753-9F7D-9BC3450D8665}.Release|Any CPU.Build.0 = Release|Any CPU
		{21C07085-92E7-4753-9F7D-9BC3450D8665}.Release|x64.ActiveCfg = Release|Any CPU
		{21C07085-92E7-4753-9F7D-9BC3450D8665}.Release|x64.Build.0 = Release|Any CPU
		{21C07085-92E7-4753-9F7D-9BC3450D8665}.Release|x86.ActiveCfg = Release|Any CPU
		{21C07085-92E7-4753-9F7D-9BC3450D8665}.Release|x86.Build.0 = Release|Any CPU
		{B6BFD931-F551-4A4E-B0C6-A56E58764ADB}.Debug|Any CPU.ActiveCfg = Debug|Any CPU
		{B6BFD931-F551-4A4E-B0C6-A56E58764ADB}.Debug|Any CPU.Build.0 = Debug|Any CPU
		{B6BFD931-F551-4A4E-B0C6-A56E58764ADB}.Debug|x64.ActiveCfg = Debug|Any CPU
		{B6BFD931-F551-4A4E-B0C6-A56E58764ADB}.Debug|x64.Build.0 = Debug|Any CPU
		{B6BFD931-F551-4A4E-B0C6-A56E58764ADB}.Debug|x86.ActiveCfg = Debug|Any CPU
		{B6BFD931-F551-4A4E-B0C6-A56E58764ADB}.Debug|x86.Build.0 = Debug|Any CPU
		{B6BFD931-F551-4A4E-B0C6-A56E58764ADB}.Release|Any CPU.ActiveCfg = Release|Any CPU
		{B6BFD931-F551-4A4E-B0C6-A56E58764ADB}.Release|Any CPU.Build.0 = Release|Any CPU
		{B6BFD931-F551-4A4E-B0C6-A56E58764ADB}.Release|x64.ActiveCfg = Release|Any CPU
		{B6BFD931-F551-4A4E-B0C6-A56E58764ADB}.Release|x64.Build.0 = Release|Any CPU
		{B6BFD931-F551-4A4E-B0C6-A56E58764ADB}.Release|x86.ActiveCfg = Release|Any CPU
		{B6BFD931-F551-4A4E-B0C6-A56E58764ADB}.Release|x86.Build.0 = Release|Any CPU
	EndGlobalSection
	GlobalSection(SolutionProperties) = preSolution
		HideSolutionNode = FALSE
	EndGlobalSection
	GlobalSection(NestedProjects) = preSolution
		{77ED881B-4D61-47B0-8FFA-B9C093977758} = {827E0CD3-B72D-47B6-A68D-7590B98EB39B}
		{8C7AF0CC-F807-412B-A6E6-7507EC09A878} = {827E0CD3-B72D-47B6-A68D-7590B98EB39B}
		{21C07085-92E7-4753-9F7D-9BC3450D8665} = {827E0CD3-B72D-47B6-A68D-7590B98EB39B}
		{B6BFD931-F551-4A4E-B0C6-A56E58764ADB} = {827E0CD3-B72D-47B6-A68D-7590B98EB39B}
	EndGlobalSection
EndGlobal
